
Microsoft Visual Studio Solution File, Format Version 11.00
# Visual Studio 2010
Project("{FAE04EC0-301F-11D3-BF4B-00C04F79EFBC}") = "Extensions_Data", "Extensions_Data\Extensions_Data.csproj", "{AAE5A74F-EB84-4EFD-BE88-77D4BE0218AF}"
EndProject
Project("{FAE04EC0-301F-11D3-BF4B-00C04F79EFBC}") = "DemonstrationProject", "DemonstrationProject\DemonstrationProject.csproj", "{560E63ED-54B5-4F78-9B65-0AB4B6E72B80}"
EndProject
Global
	GlobalSection(SolutionConfigurationPlatforms) = preSolution
		Debug|Any CPU = Debug|Any CPU
		Debug|Mixed Platforms = Debug|Mixed Platforms
		Debug|x86 = Debug|x86
		Release|Any CPU = Release|Any CPU
		Release|Mixed Platforms = Release|Mixed Platforms
		Release|x86 = Release|x86
	EndGlobalSection
	GlobalSection(ProjectConfigurationPlatforms) = postSolution
		{AAE5A74F-EB84-4EFD-BE88-77D4BE0218AF}.Debug|Any CPU.ActiveCfg = Debug|Any CPU
		{AAE5A74F-EB84-4EFD-BE88-77D4BE0218AF}.Debug|Any CPU.Build.0 = Debug|Any CPU
		{AAE5A74F-EB84-4EFD-BE88-77D4BE0218AF}.Debug|Mixed Platforms.ActiveCfg = Debug|Any CPU
		{AAE5A74F-EB84-4EFD-BE88-77D4BE0218AF}.Debug|Mixed Platforms.Build.0 = Debug|Any CPU
		{AAE5A74F-EB84-4EFD-BE88-77D4BE0218AF}.Debug|x86.ActiveCfg = Debug|Any CPU
		{AAE5A74F-EB84-4EFD-BE88-77D4BE0218AF}.Release|Any CPU.ActiveCfg = Release|Any CPU
		{AAE5A74F-EB84-4EFD-BE88-77D4BE0218AF}.Release|Any CPU.Build.0 = Release|Any CPU
		{AAE5A74F-EB84-4EFD-BE88-77D4BE0218AF}.Release|Mixed Platforms.ActiveCfg = Release|Any CPU
		{AAE5A74F-EB84-4EFD-BE88-77D4BE0218AF}.Release|Mixed Platforms.Build.0 = Release|Any CPU
		{AAE5A74F-EB84-4EFD-BE88-77D4BE0218AF}.Release|x86.ActiveCfg = Release|Any CPU
		{560E63ED-54B5-4F78-9B65-0AB4B6E72B80}.Debug|Any CPU.ActiveCfg = Debug|x86
		{560E63ED-54B5-4F78-9B65-0AB4B6E72B80}.Debug|Mixed Platforms.ActiveCfg = Debug|x86
		{560E63ED-54B5-4F78-9B65-0AB4B6E72B80}.Debug|Mixed Platforms.Build.0 = Debug|x86
		{560E63ED-54B5-4F78-9B65-0AB4B6E72B80}.Debug|x86.ActiveCfg = Debug|x86
		{560E63ED-54B5-4F78-9B65-0AB4B6E72B80}.Debug|x86.Build.0 = Debug|x86
		{560E63ED-54B5-4F78-9B65-0AB4B6E72B80}.Release|Any CPU.ActiveCfg = Release|x86
		{560E63ED-54B5-4F78-9B65-0AB4B6E72B80}.Release|Mixed Platforms.ActiveCfg = Release|x86
		{560E63ED-54B5-4F78-9B65-0AB4B6E72B80}.Release|Mixed Platforms.Build.0 = Release|x86
		{560E63ED-54B5-4F78-9B65-0AB4B6E72B80}.Release|x86.ActiveCfg = Release|x86
		{560E63ED-54B5-4F78-9B65-0AB4B6E72B80}.Release|x86.Build.0 = Release|x86
	EndGlobalSection
	GlobalSection(SolutionProperties) = preSolution
		HideSolutionNode = FALSE
	EndGlobalSection
EndGlobal
